github.com/ajstarks/svgo v0.0.0-20200320125537-f189e35d30ca/go.mod h1:K08gAheRH3/J6wwsYMMT4xOr94bZjxIelGM0+d/wbFw=
github.com/corentings/chess v0.0.0-20241113092200-3f44c4e3e959 h1:B5Fq6d2MB3li9PXDkm3hR7iMOCgJS6m+igsjtGe2iHA=
github.com/corentings/chess v0.0.0-20241113092200-3f44c4e3e959/go.mod h1:JBpJId2nojl6rPpbdVJn7FZOATH0Z28vaU+BEp9ttKA=
github.com/gorilla/websocket v1.5.3 h1:saDtZ6Pbx/0u+bgYQ3q96pZgCzfhKXGPqt7kZ72aNNg=
github.com/gorilla/websocket v1.5.3/go.mod h1:YR8l580nyteQvAITg2hZ9XVh4b55+EU/adAjf1fMHhE=
github.com/notnil/chess v1.10.0 h1:RR3MgS9G6zZmJ+VPTJolyxdaIgxoUPyUUY+2iaw35G0=
github.com/notnil/chess v1.10.0/go.mod h1:cRuJUIBFq9Xki05TWHJxHYkC+fFpq45IWwk94DdlCrA=
github.com/rs/cors v1.11.1 h1:eU3gRzXLRK57F5rKMGMZURNdIG4EoAmX8k94r9wXWHA=
github.com/rs/cors v1.11.1/go.mod h1:XyqrcTp5zjWr1wsJ8PIRZssZ8b/WMcMf71DJnit4EMU=
golang.org/x/crypto v0.39.0 h1:SHs+kF4LP+f+p14esP5jAoDpHU8Gu/v9lFRK6IT5imM=
golang.org/x/crypto v0.39.0/go.mod h1:L+Xg3Wf6HoL4Bn4238Z6ft6KfEpN0tJGo53AAPC632U=
